
Microsoft Visual Studio Solution File, Format Version 12.00
# Visual Studio Version 16
VisualStudioVersion = 16.0.29306.81
MinimumVisualStudioVersion = 10.0.40219.1
Project("{FAE04EC0-301F-11D3-BF4B-00C04F79EFBC}") = "WaterSkiBaanNummerTwee", "WaterSkiBaanNummerTwee\WaterSkiBaanNummerTwee.csproj", "{27DAB546-F2AD-4257-845F-44EA4B5FA617}"
EndProject
Global
	GlobalSection(SolutionConfigurationPlatforms) = preSolution
		Debug|Any CPU = Debug|Any CPU
		Release|Any CPU = Release|Any CPU
	EndGlobalSection
	GlobalSection(ProjectConfigurationPlatforms) = postSolution
		{27DAB546-F2AD-4257-845F-44EA4B5FA617}.Debug|Any CPU.ActiveCfg = Debug|Any CPU
		{27DAB546-F2AD-4257-845F-44EA4B5FA617}.Debug|Any CPU.Build.0 = Debug|Any CPU
		{27DAB546-F2AD-4257-845F-44EA4B5FA617}.Release|Any CPU.ActiveCfg = Release|Any CPU
		{27DAB546-F2AD-4257-845F-44EA4B5FA617}.Release|Any CPU.Build.0 = Release|Any CPU
	EndGlobalSection
	GlobalSection(SolutionProperties) = preSolution
		HideSolutionNode = FALSE
	EndGlobalSection
	GlobalSection(ExtensibilityGlobals) = postSolution
		SolutionGuid = {9BC079B4-08ED-4F69-911B-0841BB16E0B1}
	EndGlobalSection
EndGlobal
